# THIS IS AN AUTOGENERATED FILE. DO NOT EDIT THIS FILE DIRECTLY.
# yarn lockfile v1


mvdan-sh@^0.5.0:
  version "0.5.0"
  resolved "https://registry.yarnpkg.com/mvdan-sh/-/mvdan-sh-0.5.0.tgz#fa76f611a103595ad0f04f5d18e582892c46e87c"
  integrity sha512-UWbdl4LHd2fUnaEcOUFVWRdWGLkNoV12cKVIPiirYd8qM5VkCoCTXErlDubevrkEG7kGohvjRxAlTQmOqG80tw==

prettier-plugin-sh@^0.6.0:
  version "0.6.0"
  resolved "https://registry.yarnpkg.com/prettier-plugin-sh/-/prettier-plugin-sh-0.6.0.tgz#021c22597a5a866c346095cd7f6c662a49dea249"
  integrity sha512-y+SSThg/8mrGGkcAolWpociiTZlH7nlIUtqZl1dueyhngof8rD48tUHVQqvIaCx21T/0+9TyzsTEsVviPjR5og==
  dependencies:
    mvdan-sh "^0.5.0"

prettier@^2.2.1:
  version "2.2.1"
  resolved "https://registry.yarnpkg.com/prettier/-/prettier-2.2.1.tgz#795a1a78dd52f073da0cd42b21f9c91381923ff5"
  integrity sha512-PqyhM2yCjg/oKkFPtTGUojv7gnZAoG80ttl45O6x2Ug/rMJw4wcc9k6aaf2hibP7BGVCCM33gZoGjyvt9mm16Q==
